
Microsoft Visual Studio Solution File, Format Version 12.00
# Visual Studio Version 16
VisualStudioVersion = 16.0.32602.291
MinimumVisualStudioVersion = 10.0.40219.1
Project("{FAE04EC0-301F-11D3-BF4B-00C04F79EFBC}") = "Desafio_AeC", "Desafio_AeC.csproj", "{8E5F4E35-D39B-4CB9-A2B2-21E18A180B8D}"
EndProject
Global
	GlobalSection(SolutionConfigurationPlatforms) = preSolution
		Debug|Any CPU = Debug|Any CPU
		Release|Any CPU = Release|Any CPU
	EndGlobalSection
	GlobalSection(ProjectConfigurationPlatforms) = postSolution
		{8E5F4E35-D39B-4CB9-A2B2-21E18A180B8D}.Debug|Any CPU.ActiveCfg = Debug|Any CPU
		{8E5F4E35-D39B-4CB9-A2B2-21E18A180B8D}.Debug|Any CPU.Build.0 = Debug|Any CPU
		{8E5F4E35-D39B-4CB9-A2B2-21E18A180B8D}.Release|Any CPU.ActiveCfg = Release|Any CPU
		{8E5F4E35-D39B-4CB9-A2B2-21E18A180B8D}.Release|Any CPU.Build.0 = Release|Any CPU
	EndGlobalSection
	GlobalSection(SolutionProperties) = preSolution
		HideSolutionNode = FALSE
	EndGlobalSection
	GlobalSection(ExtensibilityGlobals) = postSolution
		SolutionGuid = {1100B277-F3F5-48CB-A17F-98CCC6BA24FD}
	EndGlobalSection
EndGlobal
